
Microsoft Visual Studio Solution File, Format Version 12.00
# Visual Studio 2012
Project("{FAE04EC0-301F-11D3-BF4B-00C04F79EFBC}") = "PaceClient", "PaceClient\PaceClient.csproj", "{BA89B796-3F4C-4B7A-9B75-A753C85A92EF}"
	ProjectSection(ProjectDependencies) = postProject
		{F5CE8C1C-CFA4-4997-B73E-BD0A48500700} = {F5CE8C1C-CFA4-4997-B73E-BD0A48500700}
		{51191999-3427-42BB-8AC5-8B7518D4CF6D} = {51191999-3427-42BB-8AC5-8B7518D4CF6D}
		{B38E22C4-35D2-4B5A-BD7F-385104A8397A} = {B38E22C4-35D2-4B5A-BD7F-385104A8397A}
	EndProjectSection
EndProject
Project("{FAE04EC0-301F-11D3-BF4B-00C04F79EFBC}") = "PaceCommon", "PaceCommon\PaceCommon.csproj", "{27991F0D-6E24-47DF-83D6-08F921A134EB}"
EndProject
Project("{FAE04EC0-301F-11D3-BF4B-00C04F79EFBC}") = "PaceServer", "PaceServer\PaceServer.csproj", "{9D9DAD6A-3E9A-4D8F-9DC0-A7FFF408F162}"
	ProjectSection(ProjectDependencies) = postProject
		{F5CE8C1C-CFA4-4997-B73E-BD0A48500700} = {F5CE8C1C-CFA4-4997-B73E-BD0A48500700}
		{070074BF-E0E7-4676-B140-000B9CB2D8CD} = {070074BF-E0E7-4676-B140-000B9CB2D8CD}
		{B38E22C4-35D2-4B5A-BD7F-385104A8397A} = {B38E22C4-35D2-4B5A-BD7F-385104A8397A}
	EndProjectSection
EndProject
Project("{FAE04EC0-301F-11D3-BF4B-00C04F79EFBC}") = "ZtreeControl", "ZtreeControl\ZtreeControl.csproj", "{070074BF-E0E7-4676-B140-000B9CB2D8CD}"
EndProject
Project("{FAE04EC0-301F-11D3-BF4B-00C04F79EFBC}") = "WebControl", "WebControl\WebControl.csproj", "{B38E22C4-35D2-4B5A-BD7F-385104A8397A}"
EndProject
Project("{FAE04EC0-301F-11D3-BF4B-00C04F79EFBC}") = "ExternalControl", "ExternalControl\ExternalControl.csproj", "{F5CE8C1C-CFA4-4997-B73E-BD0A48500700}"
EndProject
Project("{FAE04EC0-301F-11D3-BF4B-00C04F79EFBC}") = "PaceClientUninstall", "PaceClientUninstall\PaceClientUninstall.csproj", "{51191999-3427-42BB-8AC5-8B7518D4CF6D}"
EndProject
Global
	GlobalSection(SolutionConfigurationPlatforms) = preSolution
		Debug|Any CPU = Debug|Any CPU
		Release|Any CPU = Release|Any CPU
	EndGlobalSection
	GlobalSection(ProjectConfigurationPlatforms) = postSolution
		{BA89B796-3F4C-4B7A-9B75-A753C85A92EF}.Debug|Any CPU.ActiveCfg = Debug|Any CPU
		{BA89B796-3F4C-4B7A-9B75-A753C85A92EF}.Debug|Any CPU.Build.0 = Debug|Any CPU
		{BA89B796-3F4C-4B7A-9B75-A753C85A92EF}.Release|Any CPU.ActiveCfg = Release|Any CPU
		{BA89B796-3F4C-4B7A-9B75-A753C85A92EF}.Release|Any CPU.Build.0 = Release|Any CPU
		{27991F0D-6E24-47DF-83D6-08F921A134EB}.Debug|Any CPU.ActiveCfg = Debug|Any CPU
		{27991F0D-6E24-47DF-83D6-08F921A134EB}.Debug|Any CPU.Build.0 = Debug|Any CPU
		{27991F0D-6E24-47DF-83D6-08F921A134EB}.Release|Any CPU.ActiveCfg = Release|Any CPU
		{27991F0D-6E24-47DF-83D6-08F921A134EB}.Release|Any CPU.Build.0 = Release|Any CPU
		{9D9DAD6A-3E9A-4D8F-9DC0-A7FFF408F162}.Debug|Any CPU.ActiveCfg = Debug|Any CPU
		{9D9DAD6A-3E9A-4D8F-9DC0-A7FFF408F162}.Debug|Any CPU.Build.0 = Debug|Any CPU
		{9D9DAD6A-3E9A-4D8F-9DC0-A7FFF408F162}.Release|Any CPU.ActiveCfg = Release|Any CPU
		{9D9DAD6A-3E9A-4D8F-9DC0-A7FFF408F162}.Release|Any CPU.Build.0 = Release|Any CPU
		{070074BF-E0E7-4676-B140-000B9CB2D8CD}.Debug|Any CPU.ActiveCfg = Debug|Any CPU
		{070074BF-E0E7-4676-B140-000B9CB2D8CD}.Release|Any CPU.ActiveCfg = Release|Any CPU
		{070074BF-E0E7-4676-B140-000B9CB2D8CD}.Release|Any CPU.Build.0 = Release|Any CPU
		{B38E22C4-35D2-4B5A-BD7F-385104A8397A}.Debug|Any CPU.ActiveCfg = Debug|Any CPU
		{B38E22C4-35D2-4B5A-BD7F-385104A8397A}.Debug|Any CPU.Build.0 = Debug|Any CPU
		{B38E22C4-35D2-4B5A-BD7F-385104A8397A}.Release|Any CPU.ActiveCfg = Release|Any CPU
		{B38E22C4-35D2-4B5A-BD7F-385104A8397A}.Release|Any CPU.Build.0 = Release|Any CPU
		{F5CE8C1C-CFA4-4997-B73E-BD0A48500700}.Debug|Any CPU.ActiveCfg = Debug|Any CPU
		{F5CE8C1C-CFA4-4997-B73E-BD0A48500700}.Release|Any CPU.ActiveCfg = Release|Any CPU
		{F5CE8C1C-CFA4-4997-B73E-BD0A48500700}.Release|Any CPU.Build.0 = Release|Any CPU
		{51191999-3427-42BB-8AC5-8B7518D4CF6D}.Debug|Any CPU.ActiveCfg = Debug|Any CPU
		{51191999-3427-42BB-8AC5-8B7518D4CF6D}.Release|Any CPU.ActiveCfg = Release|Any CPU
		{51191999-3427-42BB-8AC5-8B7518D4CF6D}.Release|Any CPU.Build.0 = Release|Any CPU
	EndGlobalSection
	GlobalSection(SolutionProperties) = preSolution
		HideSolutionNode = FALSE
	EndGlobalSection
EndGlobal
