
Microsoft Visual Studio Solution File, Format Version 12.00
# Visual Studio 2012
Project("{FAE04EC0-301F-11D3-BF4B-00C04F79EFBC}") = "PaceServer", "PaceServer\PaceServer.csproj", "{E9DC5632-B52C-442E-8A4C-E03498B11189}"
EndProject
Project("{FAE04EC0-301F-11D3-BF4B-00C04F79EFBC}") = "PaceClient", "PaceClient\PaceClient.csproj", "{B93112F3-B781-4E39-B685-66D6BF455BD4}"
EndProject
Project("{2150E333-8FDC-42A3-9474-1A3956D46DE8}") = "Dokumente", "Dokumente", "{7A146B0B-1251-4389-A702-35E208763064}"
EndProject
Project("{2150E333-8FDC-42A3-9474-1A3956D46DE8}") = "Protokolle", "Protokolle", "{77274E79-6169-4A39-80D9-A94D6C305E76}"
	ProjectSection(SolutionItems) = preProject
		..\..\..\..\Desktop\Protokoll 12-04-2013.docx = ..\..\..\..\Desktop\Protokoll 12-04-2013.docx
	EndProjectSection
EndProject
Global
	GlobalSection(SolutionConfigurationPlatforms) = preSolution
		Debug|Any CPU = Debug|Any CPU
		Release|Any CPU = Release|Any CPU
	EndGlobalSection
	GlobalSection(ProjectConfigurationPlatforms) = postSolution
		{E9DC5632-B52C-442E-8A4C-E03498B11189}.Debug|Any CPU.ActiveCfg = Debug|Any CPU
		{E9DC5632-B52C-442E-8A4C-E03498B11189}.Debug|Any CPU.Build.0 = Debug|Any CPU
		{E9DC5632-B52C-442E-8A4C-E03498B11189}.Release|Any CPU.ActiveCfg = Release|Any CPU
		{E9DC5632-B52C-442E-8A4C-E03498B11189}.Release|Any CPU.Build.0 = Release|Any CPU
		{B93112F3-B781-4E39-B685-66D6BF455BD4}.Debug|Any CPU.ActiveCfg = Debug|Any CPU
		{B93112F3-B781-4E39-B685-66D6BF455BD4}.Debug|Any CPU.Build.0 = Debug|Any CPU
		{B93112F3-B781-4E39-B685-66D6BF455BD4}.Release|Any CPU.ActiveCfg = Release|Any CPU
		{B93112F3-B781-4E39-B685-66D6BF455BD4}.Release|Any CPU.Build.0 = Release|Any CPU
	EndGlobalSection
	GlobalSection(SolutionProperties) = preSolution
		HideSolutionNode = FALSE
	EndGlobalSection
	GlobalSection(NestedProjects) = preSolution
		{77274E79-6169-4A39-80D9-A94D6C305E76} = {7A146B0B-1251-4389-A702-35E208763064}
	EndGlobalSection
EndGlobal
